
Microsoft Visual Studio Solution File, Format Version 12.00
# Visual Studio Version 17
VisualStudioVersion = 17.14.36203.30 d17.14
MinimumVisualStudioVersion = 10.0.40219.1
Project("{FAE04EC0-301F-11D3-BF4B-00C04F79EFBC}") = "RidesApi", "RidesApi\RidesApi.csproj", "{FF4CA5FA-C432-4D2A-9123-D39A052E3F01}"
EndProject
Global
	GlobalSection(SolutionConfigurationPlatforms) = preSolution
		Debug|Any CPU = Debug|Any CPU
		Release|Any CPU = Release|Any CPU
	EndGlobalSection
	GlobalSection(ProjectConfigurationPlatforms) = postSolution
		{FF4CA5FA-C432-4D2A-9123-D39A052E3F01}.Debug|Any CPU.ActiveCfg = Debug|Any CPU
		{FF4CA5FA-C432-4D2A-9123-D39A052E3F01}.Debug|Any CPU.Build.0 = Debug|Any CPU
		{FF4CA5FA-C432-4D2A-9123-D39A052E3F01}.Release|Any CPU.ActiveCfg = Release|Any CPU
		{FF4CA5FA-C432-4D2A-9123-D39A052E3F01}.Release|Any CPU.Build.0 = Release|Any CPU
	EndGlobalSection
	GlobalSection(SolutionProperties) = preSolution
		HideSolutionNode = FALSE
	EndGlobalSection
	GlobalSection(ExtensibilityGlobals) = postSolution
		SolutionGuid = {94744544-2768-44FD-BC4A-D54BD2BFA114}
	EndGlobalSection
EndGlobal
